// !$*UTF8*$!
{
	archiveVersion = 1;
	classes = {
	};
	objectVersion = 46;
	objects = {

/* Begin PBXBuildFile section */
		E22727E4195D347D00B3158B /* Grid.atlas in Resources */ = {isa = PBXBuildFile; fileRef = E22727E3195D347D00B3158B /* Grid.atlas */; };
		E2EC705319563EFE00AFE298 /* Foundation.framework in Frameworks */ = {isa = PBXBuildFile; fileRef = E2EC705219563EFE00AFE298 /* Foundation.framework */; };
		E2EC705519563EFE00AFE298 /* CoreGraphics.framework in Frameworks */ = {isa = PBXBuildFile; fileRef = E2EC705419563EFE00AFE298 /* CoreGraphics.framework */; };
		E2EC705719563EFE00AFE298 /* UIKit.framework in Frameworks */ = {isa = PBXBuildFile; fileRef = E2EC705619563EFE00AFE298 /* UIKit.framework */; };
		E2EC705919563EFE00AFE298 /* SpriteKit.framework in Frameworks */ = {isa = PBXBuildFile; fileRef = E2EC705819563EFE00AFE298 /* SpriteKit.framework */; };
		E2EC705F19563EFE00AFE298 /* InfoPlist.strings in Resources */ = {isa = PBXBuildFile; fileRef = E2EC705D19563EFE00AFE298 /* InfoPlist.strings */; };
		E2EC706119563EFE00AFE298 /* main.m in Sources */ = {isa = PBXBuildFile; fileRef = E2EC706019563EFE00AFE298 /* main.m */; };
		E2EC706519563EFE00AFE298 /* RWTAppDelegate.m in Sources */ = {isa = PBXBuildFile; fileRef = E2EC706419563EFE00AFE298 /* RWTAppDelegate.m */; };
		E2EC706819563EFE00AFE298 /* Main.storyboard in Resources */ = {isa = PBXBuildFile; fileRef = E2EC706619563EFE00AFE298 /* Main.storyboard */; };
		E2EC706B19563EFE00AFE298 /* RWTViewController.m in Sources */ = {isa = PBXBuildFile; fileRef = E2EC706A19563EFE00AFE298 /* RWTViewController.m */; };
		E2EC706E19563EFE00AFE298 /* RWTMyScene.m in Sources */ = {isa = PBXBuildFile; fileRef = E2EC706D19563EFE00AFE298 /* RWTMyScene.m */; };
		E2EC707219563EFE00AFE298 /* Images.xcassets in Resources */ = {isa = PBXBuildFile; fileRef = E2EC707119563EFE00AFE298 /* Images.xcassets */; };
		E2EC707919563EFE00AFE298 /* XCTest.framework in Frameworks */ = {isa = PBXBuildFile; fileRef = E2EC707819563EFE00AFE298 /* XCTest.framework */; };
		E2EC707A19563EFE00AFE298 /* Foundation.framework in Frameworks */ = {isa = PBXBuildFile; fileRef = E2EC705219563EFE00AFE298 /* Foundation.framework */; };
		E2EC707B19563EFE00AFE298 /* UIKit.framework in Frameworks */ = {isa = PBXBuildFile; fileRef = E2EC705619563EFE00AFE298 /* UIKit.framework */; };
		E2EC708319563EFE00AFE298 /* InfoPlist.strings in Resources */ = {isa = PBXBuildFile; fileRef = E2EC708119563EFE00AFE298 /* InfoPlist.strings */; };
		E2EC708519563EFE00AFE298 /* cookieCrunchTests.m in Sources */ = {isa = PBXBuildFile; fileRef = E2EC708419563EFE00AFE298 /* cookieCrunchTests.m */; };
		E2EC70A41956448700AFE298 /* Background@2x.png in Resources */ = {isa = PBXBuildFile; fileRef = E2EC70911956448700AFE298 /* Background@2x.png */; };
		E2EC70A51956448700AFE298 /* Button@2x.png in Resources */ = {isa = PBXBuildFile; fileRef = E2EC70921956448700AFE298 /* Button@2x.png */; };
		E2EC70A61956448700AFE298 /* GameOver@2x.png in Resources */ = {isa = PBXBuildFile; fileRef = E2EC70931956448700AFE298 /* GameOver@2x.png */; };
		E2EC70A71956448700AFE298 /* LevelComplete@2x.png in Resources */ = {isa = PBXBuildFile; fileRef = E2EC70941956448700AFE298 /* LevelComplete@2x.png */; };
		E2EC70A81956448700AFE298 /* Level_0.json in Resources */ = {isa = PBXBuildFile; fileRef = E2EC70961956448700AFE298 /* Level_0.json */; };
		E2EC70A91956448700AFE298 /* Level_1.json in Resources */ = {isa = PBXBuildFile; fileRef = E2EC70971956448700AFE298 /* Level_1.json */; };
		E2EC70AA1956448700AFE298 /* Level_2.json in Resources */ = {isa = PBXBuildFile; fileRef = E2EC70981956448700AFE298 /* Level_2.json */; };
		E2EC70AB1956448700AFE298 /* Level_3.json in Resources */ = {isa = PBXBuildFile; fileRef = E2EC70991956448700AFE298 /* Level_3.json */; };
		E2EC70AC1956448700AFE298 /* Level_4.json in Resources */ = {isa = PBXBuildFile; fileRef = E2EC709A1956448700AFE298 /* Level_4.json */; };
		E2EC70AD1956448700AFE298 /* Chomp.wav in Resources */ = {isa = PBXBuildFile; fileRef = E2EC709C1956448700AFE298 /* Chomp.wav */; };
		E2EC70AE1956448700AFE298 /* Drip.wav in Resources */ = {isa = PBXBuildFile; fileRef = E2EC709D1956448700AFE298 /* Drip.wav */; };
		E2EC70AF1956448700AFE298 /* Error.wav in Resources */ = {isa = PBXBuildFile; fileRef = E2EC709E1956448700AFE298 /* Error.wav */; };
		E2EC70B01956448700AFE298 /* Ka-Ching.wav in Resources */ = {isa = PBXBuildFile; fileRef = E2EC709F1956448700AFE298 /* Ka-Ching.wav */; };
		E2EC70B11956448700AFE298 /* Mining by Moonlight.mp3 in Resources */ = {isa = PBXBuildFile; fileRef = E2EC70A01956448700AFE298 /* Mining by Moonlight.mp3 */; };
		E2EC70B21956448700AFE298 /* Scrape.wav in Resources */ = {isa = PBXBuildFile; fileRef = E2EC70A11956448700AFE298 /* Scrape.wav */; };
		E2EC70B31956448700AFE298 /* Sprites.atlas in Resources */ = {isa = PBXBuildFile; fileRef = E2EC70A21956448700AFE298 /* Sprites.atlas */; };
		E2EC70B61957499900AFE298 /* RWTCookie.m in Sources */ = {isa = PBXBuildFile; fileRef = E2EC70B51957499900AFE298 /* RWTCookie.m */; };
		E2EC70B919576DA200AFE298 /* RWTLevel.m in Sources */ = {isa = PBXBuildFile; fileRef = E2EC70B819576DA200AFE298 /* RWTLevel.m */; };
		E2EC70BC1958B58500AFE298 /* RWTTile.m in Sources */ = {isa = PBXBuildFile; fileRef = E2EC70BB1958B58500AFE298 /* RWTTile.m */; };
		E2EC71071959457B00AFE298 /* RWTSwap.m in Sources */ = {isa = PBXBuildFile; fileRef = E2EC71061959457B00AFE298 /* RWTSwap.m */; };
		E2EC710A195A706500AFE298 /* RWTChain.m in Sources */ = {isa = PBXBuildFile; fileRef = E2EC7109195A706500AFE298 /* RWTChain.m */; };
/* End PBXBuildFile section */

/* Begin PBXContainerItemProxy section */
		E2EC707C19563EFE00AFE298 /* PBXContainerItemProxy */ = {
			isa = PBXContainerItemProxy;
			containerPortal = E2EC704719563EFE00AFE298 /* Project object */;
			proxyType = 1;
			remoteGlobalIDString = E2EC704E19563EFE00AFE298;
			remoteInfo = cookieCrunch;
		};
/* End PBXContainerItemProxy section */

/* Begin PBXFileReference section */
		E22727E3195D347D00B3158B /* Grid.atlas */ = {isa = PBXFileReference; lastKnownFileType = folder.skatlas; path = Grid.atlas; sourceTree = "<group>"; };
		E2EC704F19563EFE00AFE298 /* cookieCrunch.app */ = {isa = PBXFileReference; explicitFileType = wrapper.application; includeInIndex = 0; path = cookieCrunch.app; sourceTree = BUILT_PRODUCTS_DIR; };
		E2EC705219563EFE00AFE298 /* Foundation.framework */ = {isa = PBXFileReference; lastKnownFileType = wrapper.framework; name = Foundation.framework; path = System/Library/Frameworks/Foundation.framework; sourceTree = SDKROOT; };
		E2EC705419563EFE00AFE298 /* CoreGraphics.framework */ = {isa = PBXFileReference; lastKnownFileType = wrapper.framework; name = CoreGraphics.framework; path = System/Library/Frameworks/CoreGraphics.framework; sourceTree = SDKROOT; };
		E2EC705619563EFE00AFE298 /* UIKit.framework */ = {isa = PBXFileReference; lastKnownFileType = wrapper.framework; name = UIKit.framework; path = System/Library/Frameworks/UIKit.framework; sourceTree = SDKROOT; };
		E2EC705819563EFE00AFE298 /* SpriteKit.framework */ = {isa = PBXFileReference; lastKnownFileType = wrapper.framework; name = SpriteKit.framework; path = System/Library/Frameworks/SpriteKit.framework; sourceTree = SDKROOT; };
		E2EC705C19563EFE00AFE298 /* cookieCrunch-Info.plist */ = {isa = PBXFileReference; lastKnownFileType = text.plist.xml; path = "cookieCrunch-Info.plist"; sourceTree = "<group>"; };
		E2EC705E19563EFE00AFE298 /* en */ = {isa = PBXFileReference; lastKnownFileType = text.plist.strings; name = en; path = en.lproj/InfoPlist.strings; sourceTree = "<group>"; };
		E2EC706019563EFE00AFE298 /* main.m */ = {isa = PBXFileReference; lastKnownFileType = sourcecode.c.objc; path = main.m; sourceTree = "<group>"; };
		E2EC706219563EFE00AFE298 /* cookieCrunch-Prefix.pch */ = {isa = PBXFileReference; lastKnownFileType = sourcecode.c.h; path = "cookieCrunch-Prefix.pch"; sourceTree = "<group>"; };
		E2EC706319563EFE00AFE298 /* RWTAppDelegate.h */ = {isa = PBXFileReference; lastKnownFileType = sourcecode.c.h; path = RWTAppDelegate.h; sourceTree = "<group>"; };
		E2EC706419563EFE00AFE298 /* RWTAppDelegate.m */ = {isa = PBXFileReference; lastKnownFileType = sourcecode.c.objc; path = RWTAppDelegate.m; sourceTree = "<group>"; };
		E2EC706719563EFE00AFE298 /* Base */ = {isa = PBXFileReference; lastKnownFileType = file.storyboard; name = Base; path = Base.lproj/Main.storyboard; sourceTree = "<group>"; };
		E2EC706919563EFE00AFE298 /* RWTViewController.h */ = {isa = PBXFileReference; lastKnownFileType = sourcecode.c.h; path = RWTViewController.h; sourceTree = "<group>"; };
		E2EC706A19563EFE00AFE298 /* RWTViewController.m */ = {isa = PBXFileReference; lastKnownFileType = sourcecode.c.objc; path = RWTViewController.m; sourceTree = "<group>"; };
		E2EC706C19563EFE00AFE298 /* RWTMyScene.h */ = {isa = PBXFileReference; lastKnownFileType = sourcecode.c.h; path = RWTMyScene.h; sourceTree = "<group>"; };
		E2EC706D19563EFE00AFE298 /* RWTMyScene.m */ = {isa = PBXFileReference; lastKnownFileType = sourcecode.c.objc; path = RWTMyScene.m; sourceTree = "<group>"; };
		E2EC707119563EFE00AFE298 /* Images.xcassets */ = {isa = PBXFileReference; lastKnownFileType = folder.assetcatalog; path = Images.xcassets; sourceTree = "<group>"; };
		E2EC707719563EFE00AFE298 /* cookieCrunchTests.xctest */ = {isa = PBXFileReference; explicitFileType = wrapper.cfbundle; includeInIndex = 0; path = cookieCrunchTests.xctest; sourceTree = BUILT_PRODUCTS_DIR; };
		E2EC707819563EFE00AFE298 /* XCTest.framework */ = {isa = PBXFileReference; lastKnownFileType = wrapper.framework; name = XCTest.framework; path = Library/Frameworks/XCTest.framework; sourceTree = DEVELOPER_DIR; };
		E2EC708019563EFE00AFE298 /* cookieCrunchTests-Info.plist */ = {isa = PBXFileReference; lastKnownFileType = text.plist.xml; path = "cookieCrunchTests-Info.plist"; sourceTree = "<group>"; };
		E2EC708219563EFE00AFE298 /* en */ = {isa = PBXFileReference; lastKnownFileType = text.plist.strings; name = en; path = en.lproj/InfoPlist.strings; sourceTree = "<group>"; };
		E2EC708419563EFE00AFE298 /* cookieCrunchTests.m */ = {isa = PBXFileReference; lastKnownFileType = sourcecode.c.objc; path = cookieCrunchTests.m; sourceTree = "<group>"; };
		E2EC70911956448700AFE298 /* Background@2x.png */ = {isa = PBXFileReference; lastKnownFileType = image.png; path = "Background@2x.png"; sourceTree = "<group>"; };
		E2EC70921956448700AFE298 /* Button@2x.png */ = {isa = PBXFileReference; lastKnownFileType = image.png; path = "Button@2x.png"; sourceTree = "<group>"; };
		E2EC70931956448700AFE298 /* GameOver@2x.png */ = {isa = PBXFileReference; lastKnownFileType = image.png; path = "GameOver@2x.png"; sourceTree = "<group>"; };
		E2EC70941956448700AFE298 /* LevelComplete@2x.png */ = {isa = PBXFileReference; lastKnownFileType = image.png; path = "LevelComplete@2x.png"; sourceTree = "<group>"; };
		E2EC70961956448700AFE298 /* Level_0.json */ = {isa = PBXFileReference; fileEncoding = 4; lastKnownFileType = text.json; path = Level_0.json; sourceTree = "<group>"; };
		E2EC70971956448700AFE298 /* Level_1.json */ = {isa = PBXFileReference; fileEncoding = 4; lastKnownFileType = text.json; path = Level_1.json; sourceTree = "<group>"; };
		E2EC70981956448700AFE298 /* Level_2.json */ = {isa = PBXFileReference; fileEncoding = 4; lastKnownFileType = text.json; path = Level_2.json; sourceTree = "<group>"; };
		E2EC70991956448700AFE298 /* Level_3.json */ = {isa = PBXFileReference; fileEncoding = 4; lastKnownFileType = text.json; path = Level_3.json; sourceTree = "<group>"; };
		E2EC709A1956448700AFE298 /* Level_4.json */ = {isa = PBXFileReference; fileEncoding = 4; lastKnownFileType = text.json; path = Level_4.json; sourceTree = "<group>"; };
		E2EC709C1956448700AFE298 /* Chomp.wav */ = {isa = PBXFileReference; lastKnownFileType = audio.wav; path = Chomp.wav; sourceTree = "<group>"; };
		E2EC709D1956448700AFE298 /* Drip.wav */ = {isa = PBXFileReference; lastKnownFileType = audio.wav; path = Drip.wav; sourceTree = "<group>"; };
		E2EC709E1956448700AFE298 /* Error.wav */ = {isa = PBXFileReference; lastKnownFileType = audio.wav; path = Error.wav; sourceTree = "<group>"; };
		E2EC709F1956448700AFE298 /* Ka-Ching.wav */ = {isa = PBXFileReference; lastKnownFileType = audio.wav; path = "Ka-Ching.wav"; sourceTree = "<group>"; };
		E2EC70A01956448700AFE298 /* Mining by Moonlight.mp3 */ = {isa = PBXFileReference; lastKnownFileType = audio.mp3; path = "Mining by Moonlight.mp3"; sourceTree = "<group>"; };
		E2EC70A11956448700AFE298 /* Scrape.wav */ = {isa = PBXFileReference; lastKnownFileType = audio.wav; path = Scrape.wav; sourceTree = "<group>"; };
		E2EC70A21956448700AFE298 /* Sprites.atlas */ = {isa = PBXFileReference; lastKnownFileType = folder.skatlas; name = Sprites.atlas; path = Resources/Sprites.atlas; sourceTree = "<group>"; };
		E2EC70B41957499900AFE298 /* RWTCookie.h */ = {isa = PBXFileReference; fileEncoding = 4; lastKnownFileType = sourcecode.c.h; path = RWTCookie.h; sourceTree = "<group>"; };
		E2EC70B51957499900AFE298 /* RWTCookie.m */ = {isa = PBXFileReference; fileEncoding = 4; lastKnownFileType = sourcecode.c.objc; path = RWTCookie.m; sourceTree = "<group>"; };
		E2EC70B719576DA200AFE298 /* RWTLevel.h */ = {isa = PBXFileReference; fileEncoding = 4; lastKnownFileType = sourcecode.c.h; path = RWTLevel.h; sourceTree = "<group>"; };
		E2EC70B819576DA200AFE298 /* RWTLevel.m */ = {isa = PBXFileReference; fileEncoding = 4; lastKnownFileType = sourcecode.c.objc; path = RWTLevel.m; sourceTree = "<group>"; };
		E2EC70BA1958B58500AFE298 /* RWTTile.h */ = {isa = PBXFileReference; fileEncoding = 4; lastKnownFileType = sourcecode.c.h; path = RWTTile.h; sourceTree = "<group>"; };
		E2EC70BB1958B58500AFE298 /* RWTTile.m */ = {isa = PBXFileReference; fileEncoding = 4; lastKnownFileType = sourcecode.c.objc; path = RWTTile.m; sourceTree = "<group>"; };
		E2EC71051959457B00AFE298 /* RWTSwap.h */ = {isa = PBXFileReference; fileEncoding = 4; lastKnownFileType = sourcecode.c.h; path = RWTSwap.h; sourceTree = "<group>"; };
		E2EC71061959457B00AFE298 /* RWTSwap.m */ = {isa = PBXFileReference; fileEncoding = 4; lastKnownFileType = sourcecode.c.objc; path = RWTSwap.m; sourceTree = "<group>"; };
		E2EC7108195A706500AFE298 /* RWTChain.h */ = {isa = PBXFileReference; fileEncoding = 4; lastKnownFileType = sourcecode.c.h; path = RWTChain.h; sourceTree = "<group>"; };
		E2EC7109195A706500AFE298 /* RWTChain.m */ = {isa = PBXFileReference; fileEncoding = 4; lastKnownFileType = sourcecode.c.objc; path = RWTChain.m; sourceTree = "<group>"; };
/* End PBXFileReference section */

/* Begin PBXFrameworksBuildPhase section */
		E2EC704C19563EFE00AFE298 /* Frameworks */ = {
			isa = PBXFrameworksBuildPhase;
			buildActionMask = 2147483647;
			files = (
				E2EC705519563EFE00AFE298 /* CoreGraphics.framework in Frameworks */,
				E2EC705719563EFE00AFE298 /* UIKit.framework in Frameworks */,
				E2EC705919563EFE00AFE298 /* SpriteKit.framework in Frameworks */,
				E2EC705319563EFE00AFE298 /* Foundation.framework in Frameworks */,
			);
			runOnlyForDeploymentPostprocessing = 0;
		};
		E2EC707419563EFE00AFE298 /* Frameworks */ = {
			isa = PBXFrameworksBuildPhase;
			buildActionMask = 2147483647;
			files = (
				E2EC707919563EFE00AFE298 /* XCTest.framework in Frameworks */,
				E2EC707B19563EFE00AFE298 /* UIKit.framework in Frameworks */,
				E2EC707A19563EFE00AFE298 /* Foundation.framework in Frameworks */,
			);
			runOnlyForDeploymentPostprocessing = 0;
		};
/* End PBXFrameworksBuildPhase section */

/* Begin PBXGroup section */
		E2EC704619563EFE00AFE298 = {
			isa = PBXGroup;
			children = (
				E2EC705A19563EFE00AFE298 /* cookieCrunch */,
				E2EC707E19563EFE00AFE298 /* cookieCrunchTests */,
				E2EC705119563EFE00AFE298 /* Frameworks */,
				E2EC705019563EFE00AFE298 /* Products */,
			);
			sourceTree = "<group>";
		};
		E2EC705019563EFE00AFE298 /* Products */ = {
			isa = PBXGroup;
			children = (
				E2EC704F19563EFE00AFE298 /* cookieCrunch.app */,
				E2EC707719563EFE00AFE298 /* cookieCrunchTests.xctest */,
			);
			name = Products;
			sourceTree = "<group>";
		};
		E2EC705119563EFE00AFE298 /* Frameworks */ = {
			isa = PBXGroup;
			children = (
				E2EC705219563EFE00AFE298 /* Foundation.framework */,
				E2EC705419563EFE00AFE298 /* CoreGraphics.framework */,
				E2EC705619563EFE00AFE298 /* UIKit.framework */,
				E2EC705819563EFE00AFE298 /* SpriteKit.framework */,
				E2EC707819563EFE00AFE298 /* XCTest.framework */,
			);
			name = Frameworks;
			sourceTree = "<group>";
		};
		E2EC705A19563EFE00AFE298 /* cookieCrunch */ = {
			isa = PBXGroup;
			children = (
				E2EC706319563EFE00AFE298 /* RWTAppDelegate.h */,
				E2EC706419563EFE00AFE298 /* RWTAppDelegate.m */,
				E2EC706619563EFE00AFE298 /* Main.storyboard */,
				E2EC706919563EFE00AFE298 /* RWTViewController.h */,
				E2EC706A19563EFE00AFE298 /* RWTViewController.m */,
				E2EC706C19563EFE00AFE298 /* RWTMyScene.h */,
				E2EC706D19563EFE00AFE298 /* RWTMyScene.m */,
				E2EC71051959457B00AFE298 /* RWTSwap.h */,
				E2EC71061959457B00AFE298 /* RWTSwap.m */,
				E2EC70B41957499900AFE298 /* RWTCookie.h */,
				E2EC70B51957499900AFE298 /* RWTCookie.m */,
				E2EC70BA1958B58500AFE298 /* RWTTile.h */,
				E2EC70BB1958B58500AFE298 /* RWTTile.m */,
				E2EC70B719576DA200AFE298 /* RWTLevel.h */,
				E2EC70B819576DA200AFE298 /* RWTLevel.m */,
				E2EC7108195A706500AFE298 /* RWTChain.h */,
				E2EC7109195A706500AFE298 /* RWTChain.m */,
				E22727E3195D347D00B3158B /* Grid.atlas */,
				E2EC707119563EFE00AFE298 /* Images.xcassets */,
				E2EC70A21956448700AFE298 /* Sprites.atlas */,
				E2EC70951956448700AFE298 /* Levels */,
				E2EC708E1956448700AFE298 /* Resources */,
				E2EC705B19563EFE00AFE298 /* Supporting Files */,
			);
			path = cookieCrunch;
			sourceTree = "<group>";
		};
		E2EC705B19563EFE00AFE298 /* Supporting Files */ = {
			isa = PBXGroup;
			children = (
				E2EC705C19563EFE00AFE298 /* cookieCrunch-Info.plist */,
				E2EC705D19563EFE00AFE298 /* InfoPlist.strings */,
				E2EC706019563EFE00AFE298 /* main.m */,
				E2EC706219563EFE00AFE298 /* cookieCrunch-Prefix.pch */,
			);
			name = "Supporting Files";
			sourceTree = "<group>";
		};
		E2EC707E19563EFE00AFE298 /* cookieCrunchTests */ = {
			isa = PBXGroup;
			children = (
				E2EC708419563EFE00AFE298 /* cookieCrunchTests.m */,
				E2EC707F19563EFE00AFE298 /* Supporting Files */,
			);
			path = cookieCrunchTests;
			sourceTree = "<group>";
		};
		E2EC707F19563EFE00AFE298 /* Supporting Files */ = {
			isa = PBXGroup;
			children = (
				E2EC708019563EFE00AFE298 /* cookieCrunchTests-Info.plist */,
				E2EC708119563EFE00AFE298 /* InfoPlist.strings */,
			);
			name = "Supporting Files";
			sourceTree = "<group>";
		};
		E2EC708E1956448700AFE298 /* Resources */ = {
			isa = PBXGroup;
			children = (
				E2EC70901956448700AFE298 /* Images */,
				E2EC709B1956448700AFE298 /* Sounds */,
			);
			path = Resources;
			sourceTree = "<group>";
		};
		E2EC70901956448700AFE298 /* Images */ = {
			isa = PBXGroup;
			children = (
				E2EC70911956448700AFE298 /* Background@2x.png */,
				E2EC70921956448700AFE298 /* Button@2x.png */,
				E2EC70931956448700AFE298 /* GameOver@2x.png */,
				E2EC70941956448700AFE298 /* LevelComplete@2x.png */,
			);
			path = Images;
			sourceTree = "<group>";
		};
		E2EC70951956448700AFE298 /* Levels */ = {
			isa = PBXGroup;
			children = (
				E2EC70961956448700AFE298 /* Level_0.json */,
				E2EC70971956448700AFE298 /* Level_1.json */,
				E2EC70981956448700AFE298 /* Level_2.json */,
				E2EC70991956448700AFE298 /* Level_3.json */,
				E2EC709A1956448700AFE298 /* Level_4.json */,
			);
			name = Levels;
			path = Resources/Levels;
			sourceTree = "<group>";
		};
		E2EC709B1956448700AFE298 /* Sounds */ = {
			isa = PBXGroup;
			children = (
				E2EC709C1956448700AFE298 /* Chomp.wav */,
				E2EC709D1956448700AFE298 /* Drip.wav */,
				E2EC709E1956448700AFE298 /* Error.wav */,
				E2EC709F1956448700AFE298 /* Ka-Ching.wav */,
				E2EC70A01956448700AFE298 /* Mining by Moonlight.mp3 */,
				E2EC70A11956448700AFE298 /* Scrape.wav */,
			);
			path = Sounds;
			sourceTree = "<group>";
		};
/* End PBXGroup section */

/* Begin PBXNativeTarget section */
		E2EC704E19563EFE00AFE298 /* cookieCrunch */ = {
			isa = PBXNativeTarget;
			buildConfigurationList = E2EC708819563EFE00AFE298 /* Build configuration list for PBXNativeTarget "cookieCrunch" */;
			buildPhases = (
				E2EC704B19563EFE00AFE298 /* Sources */,
				E2EC704C19563EFE00AFE298 /* Frameworks */,
				E2EC704D19563EFE00AFE298 /* Resources */,
			);
			buildRules = (
			);
			dependencies = (
			);
			name = cookieCrunch;
			productName = cookieCrunch;
			productReference = E2EC704F19563EFE00AFE298 /* cookieCrunch.app */;
			productType = "com.apple.product-type.application";
		};
		E2EC707619563EFE00AFE298 /* cookieCrunchTests */ = {
			isa = PBXNativeTarget;
			buildConfigurationList = E2EC708B19563EFE00AFE298 /* Build configuration list for PBXNativeTarget "cookieCrunchTests" */;
			buildPhases = (
				E2EC707319563EFE00AFE298 /* Sources */,
				E2EC707419563EFE00AFE298 /* Frameworks */,
				E2EC707519563EFE00AFE298 /* Resources */,
			);
			buildRules = (
			);
			dependencies = (
				E2EC707D19563EFE00AFE298 /* PBXTargetDependency */,
			);
			name = cookieCrunchTests;
			productName = cookieCrunchTests;
			productReference = E2EC707719563EFE00AFE298 /* cookieCrunchTests.xctest */;
			productType = "com.apple.product-type.bundle.unit-test";
		};
/* End PBXNativeTarget section */

/* Begin PBXProject section */
		E2EC704719563EFE00AFE298 /* Project object */ = {
			isa = PBXProject;
			attributes = {
				CLASSPREFIX = RWT;
				LastUpgradeCheck = 0510;
				ORGANIZATIONNAME = "Ahmed Khan";
				TargetAttributes = {
					E2EC707619563EFE00AFE298 = {
						TestTargetID = E2EC704E19563EFE00AFE298;
					};
				};
			};
			buildConfigurationList = E2EC704A19563EFE00AFE298 /* Build configuration list for PBXProject "cookieCrunch" */;
			compatibilityVersion = "Xcode 3.2";
			developmentRegion = English;
			hasScannedForEncodings = 0;
			knownRegions = (
				en,
				Base,
			);
			mainGroup = E2EC704619563EFE00AFE298;
			productRefGroup = E2EC705019563EFE00AFE298 /* Products */;
			projectDirPath = "";
			projectRoot = "";
			targets = (
				E2EC704E19563EFE00AFE298 /* cookieCrunch */,
				E2EC707619563EFE00AFE298 /* cookieCrunchTests */,
			);
		};
/* End PBXProject section */

/* Begin PBXResourcesBuildPhase section */
		E2EC704D19563EFE00AFE298 /* Resources */ = {
			isa = PBXResourcesBuildPhase;
			buildActionMask = 2147483647;
			files = (
				E2EC70B21956448700AFE298 /* Scrape.wav in Resources */,
				E2EC70A41956448700AFE298 /* Background@2x.png in Resources */,
				E2EC70AA1956448700AFE298 /* Level_2.json in Resources */,
				E22727E4195D347D00B3158B /* Grid.atlas in Resources */,
				E2EC70AF1956448700AFE298 /* Error.wav in Resources */,
				E2EC70A81956448700AFE298 /* Level_0.json in Resources */,
				E2EC70AE1956448700AFE298 /* Drip.wav in Resources */,
				E2EC70AC1956448700AFE298 /* Level_4.json in Resources */,
				E2EC70B11956448700AFE298 /* Mining by Moonlight.mp3 in Resources */,
				E2EC70AD1956448700AFE298 /* Chomp.wav in Resources */,
				E2EC705F19563EFE00AFE298 /* InfoPlist.strings in Resources */,
				E2EC70A61956448700AFE298 /* GameOver@2x.png in Resources */,
				E2EC707219563EFE00AFE298 /* Images.xcassets in Resources */,
				E2EC70A71956448700AFE298 /* LevelComplete@2x.png in Resources */,
				E2EC70B31956448700AFE298 /* Sprites.atlas in Resources */,
				E2EC70A91956448700AFE298 /* Level_1.json in Resources */,
				E2EC70B01956448700AFE298 /* Ka-Ching.wav in Resources */,
				E2EC70AB1956448700AFE298 /* Level_3.json in Resources */,
				E2EC706819563EFE00AFE298 /* Main.storyboard in Resources */,
				E2EC70A51956448700AFE298 /* Button@2x.png in Resources */,
			);
			runOnlyForDeploymentPostprocessing = 0;
		};
		E2EC707519563EFE00AFE298 /* Resources */ = {
			isa = PBXResourcesBuildPhase;
			buildActionMask = 2147483647;
			files = (
				E2EC708319563EFE00AFE298 /* InfoPlist.strings in Resources */,
			);
			runOnlyForDeploymentPostprocessing = 0;
		};
/* End PBXResourcesBuildPhase section */

/* Begin PBXSourcesBuildPhase section */
		E2EC704B19563EFE00AFE298 /* Sources */ = {
			isa = PBXSourcesBuildPhase;
			buildActionMask = 2147483647;
			files = (
				E2EC70B919576DA200AFE298 /* RWTLevel.m in Sources */,
				E2EC706E19563EFE00AFE298 /* RWTMyScene.m in Sources */,
				E2EC706B19563EFE00AFE298 /* RWTViewController.m in Sources */,
				E2EC706519563EFE00AFE298 /* RWTAppDelegate.m in Sources */,
				E2EC71071959457B00AFE298 /* RWTSwap.m in Sources */,
				E2EC710A195A706500AFE298 /* RWTChain.m in Sources */,
				E2EC70BC1958B58500AFE298 /* RWTTile.m in Sources */,
				E2EC70B61957499900AFE298 /* RWTCookie.m in Sources */,
				E2EC706119563EFE00AFE298 /* main.m in Sources */,
			);
			runOnlyForDeploymentPostprocessing = 0;
		};
		E2EC707319563EFE00AFE298 /* Sources */ = {
			isa = PBXSourcesBuildPhase;
			buildActionMask = 2147483647;
			files = (
				E2EC708519563EFE00AFE298 /* cookieCrunchTests.m in Sources */,
			);
			runOnlyForDeploymentPostprocessing = 0;
		};
/* End PBXSourcesBuildPhase section */

/* Begin PBXTargetDependency section */
		E2EC707D19563EFE00AFE298 /* PBXTargetDependency */ = {
			isa = PBXTargetDependency;
			target = E2EC704E19563EFE00AFE298 /* cookieCrunch */;
			targetProxy = E2EC707C19563EFE00AFE298 /* PBXContainerItemProxy */;
		};
/* End PBXTargetDependency section */

/* Begin PBXVariantGroup section */
		E2EC705D19563EFE00AFE298 /* InfoPlist.strings */ = {
			isa = PBXVariantGroup;
			children = (
				E2EC705E19563EFE00AFE298 /* en */,
			);
			name = InfoPlist.strings;
			sourceTree = "<group>";
		};
		E2EC706619563EFE00AFE298 /* Main.storyboard */ = {
			isa = PBXVariantGroup;
			children = (
				E2EC706719563EFE00AFE298 /* Base */,
			);
			name = Main.storyboard;
			sourceTree = "<group>";
		};
		E2EC708119563EFE00AFE298 /* InfoPlist.strings */ = {
			isa = PBXVariantGroup;
			children = (
				E2EC708219563EFE00AFE298 /* en */,
			);
			name = InfoPlist.strings;
			sourceTree = "<group>";
		};
/* End PBXVariantGroup section */

/* Begin XCBuildConfiguration section */
		E2EC708619563EFE00AFE298 /* Debug */ = {
			isa = XCBuildConfiguration;
			buildSettings = {
				ALWAYS_SEARCH_USER_PATHS = NO;
				CLANG_CXX_LANGUAGE_STANDARD = "gnu++0x";
				CLANG_CXX_LIBRARY = "libc++";
				CLANG_ENABLE_MODULES = YES;
				CLANG_ENABLE_OBJC_ARC = YES;
				CLANG_WARN_BOOL_CONVERSION = YES;
				CLANG_WARN_CONSTANT_CONVERSION = YES;
				CLANG_WARN_DIRECT_OBJC_ISA_USAGE = YES_ERROR;
				CLANG_WARN_EMPTY_BODY = YES;
				CLANG_WARN_ENUM_CONVERSION = YES;
				CLANG_WARN_INT_CONVERSION = YES;
				CLANG_WARN_OBJC_ROOT_CLASS = YES_ERROR;
				CLANG_WARN__DUPLICATE_METHOD_MATCH = YES;
				"CODE_SIGN_IDENTITY[sdk=iphoneos*]" = "iPhone Developer";
				COPY_PHASE_STRIP = NO;
				GCC_C_LANGUAGE_STANDARD = gnu99;
				GCC_DYNAMIC_NO_PIC = NO;
				GCC_OPTIMIZATION_LEVEL = 0;
				GCC_PREPROCESSOR_DEFINITIONS = (
					"DEBUG=1",
					"$(inherited)",
				);
				GCC_SYMBOLS_PRIVATE_EXTERN = NO;
				GCC_WARN_64_TO_32_BIT_CONVERSION = YES;
				GCC_WARN_ABOUT_RETURN_TYPE = YES_ERROR;
				GCC_WARN_UNDECLARED_SELECTOR = YES;
				GCC_WARN_UNINITIALIZED_AUTOS = YES_AGGRESSIVE;
				GCC_WARN_UNUSED_FUNCTION = YES;
				GCC_WARN_UNUSED_VARIABLE = YES;
				IPHONEOS_DEPLOYMENT_TARGET = 7.1;
				ONLY_ACTIVE_ARCH = YES;
				SDKROOT = iphoneos;
			};
			name = Debug;
		};
		E2EC708719563EFE00AFE298 /* Release */ = {
			isa = XCBuildConfiguration;
			buildSettings = {
				ALWAYS_SEARCH_USER_PATHS = NO;
				CLANG_CXX_LANGUAGE_STANDARD = "gnu++0x";
				CLANG_CXX_LIBRARY = "libc++";
				CLANG_ENABLE_MODULES = YES;
				CLANG_ENABLE_OBJC_ARC = YES;
				CLANG_WARN_BOOL_CONVERSION = YES;
				CLANG_WARN_CONSTANT_CONVERSION = YES;
				CLANG_WARN_DIRECT_OBJC_ISA_USAGE = YES_ERROR;
				CLANG_WARN_EMPTY_BODY = YES;
				CLANG_WARN_ENUM_CONVERSION = YES;
				CLANG_WARN_INT_CONVERSION = YES;
				CLANG_WARN_OBJC_ROOT_CLASS = YES_ERROR;
				CLANG_WARN__DUPLICATE_METHOD_MATCH = YES;
				"CODE_SIGN_IDENTITY[sdk=iphoneos*]" = "iPhone Developer";
				COPY_PHASE_STRIP = YES;
				ENABLE_NS_ASSERTIONS = NO;
				GCC_C_LANGUAGE_STANDARD = gnu99;
				GCC_WARN_64_TO_32_BIT_CONVERSION = YES;
				GCC_WARN_ABOUT_RETURN_TYPE = YES_ERROR;
				GCC_WARN_UNDECLARED_SELECTOR = YES;
				GCC_WARN_UNINITIALIZED_AUTOS = YES_AGGRESSIVE;
				GCC_WARN_UNUSED_FUNCTION = YES;
				GCC_WARN_UNUSED_VARIABLE = YES;
				IPHONEOS_DEPLOYMENT_TARGET = 7.1;
				SDKROOT = iphoneos;
				VALIDATE_PRODUCT = YES;
			};
			name = Release;
		};
		E2EC708919563EFE00AFE298 /* Debug */ = {
			isa = XCBuildConfiguration;
			buildSettings = {
				ASSETCATALOG_COMPILER_APPICON_NAME = AppIcon;
				ASSETCATALOG_COMPILER_LAUNCHIMAGE_NAME = LaunchImage;
				GCC_PRECOMPILE_PREFIX_HEADER = YES;
				GCC_PREFIX_HEADER = "cookieCrunch/cookieCrunch-Prefix.pch";
				INFOPLIST_FILE = "cookieCrunch/cookieCrunch-Info.plist";
				PRODUCT_NAME = "$(TARGET_NAME)";
				SPRITEKIT_TEXTURE_ATLAS_OUTPUT = YES;
				WRAPPER_EXTENSION = app;
			};
			name = Debug;
		};
		E2EC708A19563EFE00AFE298 /* Release */ = {
			isa = XCBuildConfiguration;
			buildSettings = {
				ASSETCATALOG_COMPILER_APPICON_NAME = AppIcon;
				ASSETCATALOG_COMPILER_LAUNCHIMAGE_NAME = LaunchImage;
				GCC_PRECOMPILE_PREFIX_HEADER = YES;
				GCC_PREFIX_HEADER = "cookieCrunch/cookieCrunch-Prefix.pch";
				INFOPLIST_FILE = "cookieCrunch/cookieCrunch-Info.plist";
				PRODUCT_NAME = "$(TARGET_NAME)";
				SPRITEKIT_TEXTURE_ATLAS_OUTPUT = YES;
				WRAPPER_EXTENSION = app;
			};
			name = Release;
		};
		E2EC708C19563EFE00AFE298 /* Debug */ = {
			isa = XCBuildConfiguration;
			buildSettings = {
				BUNDLE_LOADER = "$(BUILT_PRODUCTS_DIR)/cookieCrunch.app/cookieCrunch";
				FRAMEWORK_SEARCH_PATHS = (
					"$(SDKROOT)/Developer/Library/Frameworks",
					"$(inherited)",
					"$(DEVELOPER_FRAMEWORKS_DIR)",
				);
				GCC_PRECOMPILE_PREFIX_HEADER = YES;
				GCC_PREFIX_HEADER = "cookieCrunch/cookieCrunch-Prefix.pch";
				GCC_PREPROCESSOR_DEFINITIONS = (
					"DEBUG=1",
					"$(inherited)",
				);
				INFOPLIST_FILE = "cookieCrunchTests/cookieCrunchTests-Info.plist";
				PRODUCT_NAME = "$(TARGET_NAME)";
				TEST_HOST = "$(BUNDLE_LOADER)";
				WRAPPER_EXTENSION = xctest;
			};
			name = Debug;
		};
		E2EC708D19563EFE00AFE298 /* Release */ = {
			isa = XCBuildConfiguration;
			buildSettings = {
				BUNDLE_LOADER = "$(BUILT_PRODUCTS_DIR)/cookieCrunch.app/cookieCrunch";
				FRAMEWORK_SEARCH_PATHS = (
					"$(SDKROOT)/Developer/Library/Frameworks",
					"$(inherited)",
					"$(DEVELOPER_FRAMEWORKS_DIR)",
				);
				GCC_PRECOMPILE_PREFIX_HEADER = YES;
				GCC_PREFIX_HEADER = "cookieCrunch/cookieCrunch-Prefix.pch";
				INFOPLIST_FILE = "cookieCrunchTests/cookieCrunchTests-Info.plist";
				PRODUCT_NAME = "$(TARGET_NAME)";
				TEST_HOST = "$(BUNDLE_LOADER)";
				WRAPPER_EXTENSION = xctest;
			};
			name = Release;
		};
/* End XCBuildConfiguration section */

/* Begin XCConfigurationList section */
		E2EC704A19563EFE00AFE298 /* Build configuration list for PBXProject "cookieCrunch" */ = {
			isa = XCConfigurationList;
			buildConfigurations = (
				E2EC708619563EFE00AFE298 /* Debug */,
				E2EC708719563EFE00AFE298 /* Release */,
			);
			defaultConfigurationIsVisible = 0;
			defaultConfigurationName = Release;
		};
		E2EC708819563EFE00AFE298 /* Build configuration list for PBXNativeTarget "cookieCrunch" */ = {
			isa = XCConfigurationList;
			buildConfigurations = (
				E2EC708919563EFE00AFE298 /* Debug */,
				E2EC708A19563EFE00AFE298 /* Release */,
			);
			defaultConfigurationIsVisible = 0;
			defaultConfigurationName = Release;
		};
		E2EC708B19563EFE00AFE298 /* Build configuration list for PBXNativeTarget "cookieCrunchTests" */ = {
			isa = XCConfigurationList;
			buildConfigurations = (
				E2EC708C19563EFE00AFE298 /* Debug */,
				E2EC708D19563EFE00AFE298 /* Release */,
			);
			defaultConfigurationIsVisible = 0;
			defaultConfigurationName = Release;
		};
/* End XCConfigurationList section */
	};
	rootObject = E2EC704719563EFE00AFE298 /* Project object */;
}
